// !$*UTF8*$!
{
	archiveVersion = 1;
	classes = {
	};
	objectVersion = 46;
	objects = {

/* Begin PBXBuildFile section */
		7F4C3B3919B2BEEF008B7F85 /* CarClass.m in Sources */ = {isa = PBXBuildFile; fileRef = 7F4C3B3819B2BEEF008B7F85 /* CarClass.m */; };
		7F4C3B3C19B2CF45008B7F85 /* redCar.m in Sources */ = {isa = PBXBuildFile; fileRef = 7F4C3B3B19B2CF45008B7F85 /* redCar.m */; };
		7F95B7EC19B19ACF00537B23 /* Foundation.framework in Frameworks */ = {isa = PBXBuildFile; fileRef = 7F95B7EB19B19ACF00537B23 /* Foundation.framework */; };
		7F95B7EE19B19ACF00537B23 /* CoreGraphics.framework in Frameworks */ = {isa = PBXBuildFile; fileRef = 7F95B7ED19B19ACF00537B23 /* CoreGraphics.framework */; };
		7F95B7F019B19ACF00537B23 /* UIKit.framework in Frameworks */ = {isa = PBXBuildFile; fileRef = 7F95B7EF19B19ACF00537B23 /* UIKit.framework */; };
		7F95B7F619B19ACF00537B23 /* InfoPlist.strings in Resources */ = {isa = PBXBuildFile; fileRef = 7F95B7F419B19ACF00537B23 /* InfoPlist.strings */; };
		7F95B7F819B19ACF00537B23 /* main.m in Sources */ = {isa = PBXBuildFile; fileRef = 7F95B7F719B19ACF00537B23 /* main.m */; };
		7F95B7FC19B19ACF00537B23 /* FAppDelegate.m in Sources */ = {isa = PBXBuildFile; fileRef = 7F95B7FB19B19ACF00537B23 /* FAppDelegate.m */; };
		7F95B7FE19B19ACF00537B23 /* Images.xcassets in Resources */ = {isa = PBXBuildFile; fileRef = 7F95B7FD19B19ACF00537B23 /* Images.xcassets */; };
		7F95B80519B19AD000537B23 /* XCTest.framework in Frameworks */ = {isa = PBXBuildFile; fileRef = 7F95B80419B19AD000537B23 /* XCTest.framework */; };
		7F95B80619B19AD000537B23 /* Foundation.framework in Frameworks */ = {isa = PBXBuildFile; fileRef = 7F95B7EB19B19ACF00537B23 /* Foundation.framework */; };
		7F95B80719B19AD000537B23 /* UIKit.framework in Frameworks */ = {isa = PBXBuildFile; fileRef = 7F95B7EF19B19ACF00537B23 /* UIKit.framework */; };
		7F95B80F19B19AD000537B23 /* InfoPlist.strings in Resources */ = {isa = PBXBuildFile; fileRef = 7F95B80D19B19AD000537B23 /* InfoPlist.strings */; };
		7F95B81119B19AD000537B23 /* FirstClassTests.m in Sources */ = {isa = PBXBuildFile; fileRef = 7F95B81019B19AD000537B23 /* FirstClassTests.m */; };
		7FA2C6B919B1ADA50021AE17 /* test.m in Sources */ = {isa = PBXBuildFile; fileRef = 7FA2C6B819B1ADA50021AE17 /* test.m */; };
/* End PBXBuildFile section */

/* Begin PBXContainerItemProxy section */
		7F95B80819B19AD000537B23 /* PBXContainerItemProxy */ = {
			isa = PBXContainerItemProxy;
			containerPortal = 7F95B7E019B19ACF00537B23 /* Project object */;
			proxyType = 1;
			remoteGlobalIDString = 7F95B7E719B19ACF00537B23;
			remoteInfo = FirstClass;
		};
/* End PBXContainerItemProxy section */

/* Begin PBXFileReference section */
		7F4C3B3719B2BEEF008B7F85 /* CarClass.h */ = {isa = PBXFileReference; fileEncoding = 4; lastKnownFileType = sourcecode.c.h; path = CarClass.h; sourceTree = "<group>"; };
		7F4C3B3819B2BEEF008B7F85 /* CarClass.m */ = {isa = PBXFileReference; fileEncoding = 4; lastKnownFileType = sourcecode.c.objc; path = CarClass.m; sourceTree = "<group>"; };
		7F4C3B3A19B2CF45008B7F85 /* redCar.h */ = {isa = PBXFileReference; fileEncoding = 4; lastKnownFileType = sourcecode.c.h; path = redCar.h; sourceTree = "<group>"; };
		7F4C3B3B19B2CF45008B7F85 /* redCar.m */ = {isa = PBXFileReference; fileEncoding = 4; lastKnownFileType = sourcecode.c.objc; path = redCar.m; sourceTree = "<group>"; };
		7F95B7E819B19ACF00537B23 /* FirstClass.app */ = {isa = PBXFileReference; explicitFileType = wrapper.application; includeInIndex = 0; path = FirstClass.app; sourceTree = BUILT_PRODUCTS_DIR; };
		7F95B7EB19B19ACF00537B23 /* Foundation.framework */ = {isa = PBXFileReference; lastKnownFileType = wrapper.framework; name = Foundation.framework; path = System/Library/Frameworks/Foundation.framework; sourceTree = SDKROOT; };
		7F95B7ED19B19ACF00537B23 /* CoreGraphics.framework */ = {isa = PBXFileReference; lastKnownFileType = wrapper.framework; name = CoreGraphics.framework; path = System/Library/Frameworks/CoreGraphics.framework; sourceTree = SDKROOT; };
		7F95B7EF19B19ACF00537B23 /* UIKit.framework */ = {isa = PBXFileReference; lastKnownFileType = wrapper.framework; name = UIKit.framework; path = System/Library/Frameworks/UIKit.framework; sourceTree = SDKROOT; };
		7F95B7F319B19ACF00537B23 /* FirstClass-Info.plist */ = {isa = PBXFileReference; lastKnownFileType = text.plist.xml; path = "FirstClass-Info.plist"; sourceTree = "<group>"; };
		7F95B7F519B19ACF00537B23 /* en */ = {isa = PBXFileReference; lastKnownFileType = text.plist.strings; name = en; path = en.lproj/InfoPlist.strings; sourceTree = "<group>"; };
		7F95B7F719B19ACF00537B23 /* main.m */ = {isa = PBXFileReference; lastKnownFileType = sourcecode.c.objc; path = main.m; sourceTree = "<group>"; };
		7F95B7F919B19ACF00537B23 /* FirstClass-Prefix.pch */ = {isa = PBXFileReference; lastKnownFileType = sourcecode.c.h; path = "FirstClass-Prefix.pch"; sourceTree = "<group>"; };
		7F95B7FA19B19ACF00537B23 /* FAppDelegate.h */ = {isa = PBXFileReference; lastKnownFileType = sourcecode.c.h; path = FAppDelegate.h; sourceTree = "<group>"; };
		7F95B7FB19B19ACF00537B23 /* FAppDelegate.m */ = {isa = PBXFileReference; lastKnownFileType = sourcecode.c.objc; path = FAppDelegate.m; sourceTree = "<group>"; };
		7F95B7FD19B19ACF00537B23 /* Images.xcassets */ = {isa = PBXFileReference; lastKnownFileType = folder.assetcatalog; path = Images.xcassets; sourceTree = "<group>"; };
		7F95B80319B19AD000537B23 /* FirstClassTests.xctest */ = {isa = PBXFileReference; explicitFileType = wrapper.cfbundle; includeInIndex = 0; path = FirstClassTests.xctest; sourceTree = BUILT_PRODUCTS_DIR; };
		7F95B80419B19AD000537B23 /* XCTest.framework */ = {isa = PBXFileReference; lastKnownFileType = wrapper.framework; name = XCTest.framework; path = Library/Frameworks/XCTest.framework; sourceTree = DEVELOPER_DIR; };
		7F95B80C19B19AD000537B23 /* FirstClassTests-Info.plist */ = {isa = PBXFileReference; lastKnownFileType = text.plist.xml; path = "FirstClassTests-Info.plist"; sourceTree = "<group>"; };
		7F95B80E19B19AD000537B23 /* en */ = {isa = PBXFileReference; lastKnownFileType = text.plist.strings; name = en; path = en.lproj/InfoPlist.strings; sourceTree = "<group>"; };
		7F95B81019B19AD000537B23 /* FirstClassTests.m */ = {isa = PBXFileReference; lastKnownFileType = sourcecode.c.objc; path = FirstClassTests.m; sourceTree = "<group>"; };
		7FA2C6B719B1ADA50021AE17 /* test.h */ = {isa = PBXFileReference; fileEncoding = 4; lastKnownFileType = sourcecode.c.h; path = test.h; sourceTree = "<group>"; };
		7FA2C6B819B1ADA50021AE17 /* test.m */ = {isa = PBXFileReference; fileEncoding = 4; lastKnownFileType = sourcecode.c.objc; path = test.m; sourceTree = "<group>"; };
/* End PBXFileReference section */

/* Begin PBXFrameworksBuildPhase section */
		7F95B7E519B19ACF00537B23 /* Frameworks */ = {
			isa = PBXFrameworksBuildPhase;
			buildActionMask = 2147483647;
			files = (
				7F95B7EE19B19ACF00537B23 /* CoreGraphics.framework in Frameworks */,
				7F95B7F019B19ACF00537B23 /* UIKit.framework in Frameworks */,
				7F95B7EC19B19ACF00537B23 /* Foundation.framework in Frameworks */,
			);
			runOnlyForDeploymentPostprocessing = 0;
		};
		7F95B80019B19AD000537B23 /* Frameworks */ = {
			isa = PBXFrameworksBuildPhase;
			buildActionMask = 2147483647;
			files = (
				7F95B80519B19AD000537B23 /* XCTest.framework in Frameworks */,
				7F95B80719B19AD000537B23 /* UIKit.framework in Frameworks */,
				7F95B80619B19AD000537B23 /* Foundation.framework in Frameworks */,
			);
			runOnlyForDeploymentPostprocessing = 0;
		};
/* End PBXFrameworksBuildPhase section */

/* Begin PBXGroup section */
		7F95B7DF19B19ACF00537B23 = {
			isa = PBXGroup;
			children = (
				7F95B7F119B19ACF00537B23 /* FirstClass */,
				7F95B80A19B19AD000537B23 /* FirstClassTests */,
				7F95B7EA19B19ACF00537B23 /* Frameworks */,
				7F95B7E919B19ACF00537B23 /* Products */,
			);
			sourceTree = "<group>";
		};
		7F95B7E919B19ACF00537B23 /* Products */ = {
			isa = PBXGroup;
			children = (
				7F95B7E819B19ACF00537B23 /* FirstClass.app */,
				7F95B80319B19AD000537B23 /* FirstClassTests.xctest */,
			);
			name = Products;
			sourceTree = "<group>";
		};
		7F95B7EA19B19ACF00537B23 /* Frameworks */ = {
			isa = PBXGroup;
			children = (
				7F95B7EB19B19ACF00537B23 /* Foundation.framework */,
				7F95B7ED19B19ACF00537B23 /* CoreGraphics.framework */,
				7F95B7EF19B19ACF00537B23 /* UIKit.framework */,
				7F95B80419B19AD000537B23 /* XCTest.framework */,
			);
			name = Frameworks;
			sourceTree = "<group>";
		};
		7F95B7F119B19ACF00537B23 /* FirstClass */ = {
			isa = PBXGroup;
			children = (
				7F95B7FA19B19ACF00537B23 /* FAppDelegate.h */,
				7F95B7FB19B19ACF00537B23 /* FAppDelegate.m */,
				7F4C3B3719B2BEEF008B7F85 /* CarClass.h */,
				7F4C3B3819B2BEEF008B7F85 /* CarClass.m */,
				7F95B7FD19B19ACF00537B23 /* Images.xcassets */,
				7F95B7F219B19ACF00537B23 /* Supporting Files */,
				7FA2C6B719B1ADA50021AE17 /* test.h */,
				7FA2C6B819B1ADA50021AE17 /* test.m */,
				7F4C3B3A19B2CF45008B7F85 /* redCar.h */,
				7F4C3B3B19B2CF45008B7F85 /* redCar.m */,
			);
			path = FirstClass;
			sourceTree = "<group>";
		};
		7F95B7F219B19ACF00537B23 /* Supporting Files */ = {
			isa = PBXGroup;
			children = (
				7F95B7F319B19ACF00537B23 /* FirstClass-Info.plist */,
				7F95B7F419B19ACF00537B23 /* InfoPlist.strings */,
				7F95B7F719B19ACF00537B23 /* main.m */,
				7F95B7F919B19ACF00537B23 /* FirstClass-Prefix.pch */,
			);
			name = "Supporting Files";
			sourceTree = "<group>";
		};
		7F95B80A19B19AD000537B23 /* FirstClassTests */ = {
			isa = PBXGroup;
			children = (
				7F95B81019B19AD000537B23 /* FirstClassTests.m */,
				7F95B80B19B19AD000537B23 /* Supporting Files */,
			);
			path = FirstClassTests;
			sourceTree = "<group>";
		};
		7F95B80B19B19AD000537B23 /* Supporting Files */ = {
			isa = PBXGroup;
			children = (
				7F95B80C19B19AD000537B23 /* FirstClassTests-Info.plist */,
				7F95B80D19B19AD000537B23 /* InfoPlist.strings */,
			);
			name = "Supporting Files";
			sourceTree = "<group>";
		};
/* End PBXGroup section */

/* Begin PBXNativeTarget section */
		7F95B7E719B19ACF00537B23 /* FirstClass */ = {
			isa = PBXNativeTarget;
			buildConfigurationList = 7F95B81419B19AD000537B23 /* Build configuration list for PBXNativeTarget "FirstClass" */;
			buildPhases = (
				7F95B7E419B19ACF00537B23 /* Sources */,
				7F95B7E519B19ACF00537B23 /* Frameworks */,
				7F95B7E619B19ACF00537B23 /* Resources */,
			);
			buildRules = (
			);
			dependencies = (
			);
			name = FirstClass;
			productName = FirstClass;
			productReference = 7F95B7E819B19ACF00537B23 /* FirstClass.app */;
			productType = "com.apple.product-type.application";
		};
		7F95B80219B19AD000537B23 /* FirstClassTests */ = {
			isa = PBXNativeTarget;
			buildConfigurationList = 7F95B81719B19AD000537B23 /* Build configuration list for PBXNativeTarget "FirstClassTests" */;
			buildPhases = (
				7F95B7FF19B19AD000537B23 /* Sources */,
				7F95B80019B19AD000537B23 /* Frameworks */,
				7F95B80119B19AD000537B23 /* Resources */,
			);
			buildRules = (
			);
			dependencies = (
				7F95B80919B19AD000537B23 /* PBXTargetDependency */,
			);
			name = FirstClassTests;
			productName = FirstClassTests;
			productReference = 7F95B80319B19AD000537B23 /* FirstClassTests.xctest */;
			productType = "com.apple.product-type.bundle.unit-test";
		};
/* End PBXNativeTarget section */

/* Begin PBXProject section */
		7F95B7E019B19ACF00537B23 /* Project object */ = {
			isa = PBXProject;
			attributes = {
				LastUpgradeCheck = 0510;
				ORGANIZATIONNAME = "___FULLUSERNAME___";
				TargetAttributes = {
					7F95B80219B19AD000537B23 = {
						TestTargetID = 7F95B7E719B19ACF00537B23;
					};
				};
			};
			buildConfigurationList = 7F95B7E319B19ACF00537B23 /* Build configuration list for PBXProject "FirstClass" */;
			compatibilityVersion = "Xcode 3.2";
			developmentRegion = English;
			hasScannedForEncodings = 0;
			knownRegions = (
				en,
			);
			mainGroup = 7F95B7DF19B19ACF00537B23;
			productRefGroup = 7F95B7E919B19ACF00537B23 /* Products */;
			projectDirPath = "";
			projectRoot = "";
			targets = (
				7F95B7E719B19ACF00537B23 /* FirstClass */,
				7F95B80219B19AD000537B23 /* FirstClassTests */,
			);
		};
/* End PBXProject section */

/* Begin PBXResourcesBuildPhase section */
		7F95B7E619B19ACF00537B23 /* Resources */ = {
			isa = PBXResourcesBuildPhase;
			buildActionMask = 2147483647;
			files = (
				7F95B7F619B19ACF00537B23 /* InfoPlist.strings in Resources */,
				7F95B7FE19B19ACF00537B23 /* Images.xcassets in Resources */,
			);
			runOnlyForDeploymentPostprocessing = 0;
		};
		7F95B80119B19AD000537B23 /* Resources */ = {
			isa = PBXResourcesBuildPhase;
			buildActionMask = 2147483647;
			files = (
				7F95B80F19B19AD000537B23 /* InfoPlist.strings in Resources */,
			);
			runOnlyForDeploymentPostprocessing = 0;
		};
/* End PBXResourcesBuildPhase section */

/* Begin PBXSourcesBuildPhase section */
		7F95B7E419B19ACF00537B23 /* Sources */ = {
			isa = PBXSourcesBuildPhase;
			buildActionMask = 2147483647;
			files = (
				7F95B7FC19B19ACF00537B23 /* FAppDelegate.m in Sources */,
				7F4C3B3919B2BEEF008B7F85 /* CarClass.m in Sources */,
				7F95B7F819B19ACF00537B23 /* main.m in Sources */,
				7FA2C6B919B1ADA50021AE17 /* test.m in Sources */,
				7F4C3B3C19B2CF45008B7F85 /* redCar.m in Sources */,
			);
			runOnlyForDeploymentPostprocessing = 0;
		};
		7F95B7FF19B19AD000537B23 /* Sources */ = {
			isa = PBXSourcesBuildPhase;
			buildActionMask = 2147483647;
			files = (
				7F95B81119B19AD000537B23 /* FirstClassTests.m in Sources */,
			);
			runOnlyForDeploymentPostprocessing = 0;
		};
/* End PBXSourcesBuildPhase section */

/* Begin PBXTargetDependency section */
		7F95B80919B19AD000537B23 /* PBXTargetDependency */ = {
			isa = PBXTargetDependency;
			target = 7F95B7E719B19ACF00537B23 /* FirstClass */;
			targetProxy = 7F95B80819B19AD000537B23 /* PBXContainerItemProxy */;
		};
/* End PBXTargetDependency section */

/* Begin PBXVariantGroup section */
		7F95B7F419B19ACF00537B23 /* InfoPlist.strings */ = {
			isa = PBXVariantGroup;
			children = (
				7F95B7F519B19ACF00537B23 /* en */,
			);
			name = InfoPlist.strings;
			sourceTree = "<group>";
		};
		7F95B80D19B19AD000537B23 /* InfoPlist.strings */ = {
			isa = PBXVariantGroup;
			children = (
				7F95B80E19B19AD000537B23 /* en */,
			);
			name = InfoPlist.strings;
			sourceTree = "<group>";
		};
/* End PBXVariantGroup section */

/* Begin XCBuildConfiguration section */
		7F95B81219B19AD000537B23 /* Debug */ = {
			isa = XCBuildConfiguration;
			buildSettings = {
				ALWAYS_SEARCH_USER_PATHS = NO;
				CLANG_CXX_LANGUAGE_STANDARD = "gnu++0x";
				CLANG_CXX_LIBRARY = "libc++";
				CLANG_ENABLE_MODULES = YES;
				CLANG_ENABLE_OBJC_ARC = YES;
				CLANG_WARN_BOOL_CONVERSION = YES;
				CLANG_WARN_CONSTANT_CONVERSION = YES;
				CLANG_WARN_DIRECT_OBJC_ISA_USAGE = YES_ERROR;
				CLANG_WARN_EMPTY_BODY = YES;
				CLANG_WARN_ENUM_CONVERSION = YES;
				CLANG_WARN_INT_CONVERSION = YES;
				CLANG_WARN_OBJC_ROOT_CLASS = YES_ERROR;
				CLANG_WARN__DUPLICATE_METHOD_MATCH = YES;
				"CODE_SIGN_IDENTITY[sdk=iphoneos*]" = "iPhone Developer";
				COPY_PHASE_STRIP = NO;
				GCC_C_LANGUAGE_STANDARD = gnu99;
				GCC_DYNAMIC_NO_PIC = NO;
				GCC_OPTIMIZATION_LEVEL = 0;
				GCC_PREPROCESSOR_DEFINITIONS = (
					"DEBUG=1",
					"$(inherited)",
				);
				GCC_SYMBOLS_PRIVATE_EXTERN = NO;
				GCC_WARN_64_TO_32_BIT_CONVERSION = YES;
				GCC_WARN_ABOUT_RETURN_TYPE = YES_ERROR;
				GCC_WARN_UNDECLARED_SELECTOR = YES;
				GCC_WARN_UNINITIALIZED_AUTOS = YES_AGGRESSIVE;
				GCC_WARN_UNUSED_FUNCTION = YES;
				GCC_WARN_UNUSED_VARIABLE = YES;
				IPHONEOS_DEPLOYMENT_TARGET = 7.1;
				ONLY_ACTIVE_ARCH = YES;
				SDKROOT = iphoneos;
			};
			name = Debug;
		};
		7F95B81319B19AD000537B23 /* Release */ = {
			isa = XCBuildConfiguration;
			buildSettings = {
				ALWAYS_SEARCH_USER_PATHS = NO;
				CLANG_CXX_LANGUAGE_STANDARD = "gnu++0x";
				CLANG_CXX_LIBRARY = "libc++";
				CLANG_ENABLE_MODULES = YES;
				CLANG_ENABLE_OBJC_ARC = YES;
				CLANG_WARN_BOOL_CONVERSION = YES;
				CLANG_WARN_CONSTANT_CONVERSION = YES;
				CLANG_WARN_DIRECT_OBJC_ISA_USAGE = YES_ERROR;
				CLANG_WARN_EMPTY_BODY = YES;
				CLANG_WARN_ENUM_CONVERSION = YES;
				CLANG_WARN_INT_CONVERSION = YES;
				CLANG_WARN_OBJC_ROOT_CLASS = YES_ERROR;
				CLANG_WARN__DUPLICATE_METHOD_MATCH = YES;
				"CODE_SIGN_IDENTITY[sdk=iphoneos*]" = "iPhone Developer";
				COPY_PHASE_STRIP = YES;
				ENABLE_NS_ASSERTIONS = NO;
				GCC_C_LANGUAGE_STANDARD = gnu99;
				GCC_WARN_64_TO_32_BIT_CONVERSION = YES;
				GCC_WARN_ABOUT_RETURN_TYPE = YES_ERROR;
				GCC_WARN_UNDECLARED_SELECTOR = YES;
				GCC_WARN_UNINITIALIZED_AUTOS = YES_AGGRESSIVE;
				GCC_WARN_UNUSED_FUNCTION = YES;
				GCC_WARN_UNUSED_VARIABLE = YES;
				IPHONEOS_DEPLOYMENT_TARGET = 7.1;
				SDKROOT = iphoneos;
				VALIDATE_PRODUCT = YES;
			};
			name = Release;
		};
		7F95B81519B19AD000537B23 /* Debug */ = {
			isa = XCBuildConfiguration;
			buildSettings = {
				ASSETCATALOG_COMPILER_APPICON_NAME = AppIcon;
				ASSETCATALOG_COMPILER_LAUNCHIMAGE_NAME = LaunchImage;
				GCC_PRECOMPILE_PREFIX_HEADER = YES;
				GCC_PREFIX_HEADER = "FirstClass/FirstClass-Prefix.pch";
				INFOPLIST_FILE = "FirstClass/FirstClass-Info.plist";
				PRODUCT_NAME = "$(TARGET_NAME)";
				WRAPPER_EXTENSION = app;
			};
			name = Debug;
		};
		7F95B81619B19AD000537B23 /* Release */ = {
			isa = XCBuildConfiguration;
			buildSettings = {
				ASSETCATALOG_COMPILER_APPICON_NAME = AppIcon;
				ASSETCATALOG_COMPILER_LAUNCHIMAGE_NAME = LaunchImage;
				GCC_PRECOMPILE_PREFIX_HEADER = YES;
				GCC_PREFIX_HEADER = "FirstClass/FirstClass-Prefix.pch";
				INFOPLIST_FILE = "FirstClass/FirstClass-Info.plist";
				PRODUCT_NAME = "$(TARGET_NAME)";
				WRAPPER_EXTENSION = app;
			};
			name = Release;
		};
		7F95B81819B19AD000537B23 /* Debug */ = {
			isa = XCBuildConfiguration;
			buildSettings = {
				BUNDLE_LOADER = "$(BUILT_PRODUCTS_DIR)/FirstClass.app/FirstClass";
				FRAMEWORK_SEARCH_PATHS = (
					"$(SDKROOT)/Developer/Library/Frameworks",
					"$(inherited)",
					"$(DEVELOPER_FRAMEWORKS_DIR)",
				);
				GCC_PRECOMPILE_PREFIX_HEADER = YES;
				GCC_PREFIX_HEADER = "FirstClass/FirstClass-Prefix.pch";
				GCC_PREPROCESSOR_DEFINITIONS = (
					"DEBUG=1",
					"$(inherited)",
				);
				INFOPLIST_FILE = "FirstClassTests/FirstClassTests-Info.plist";
				PRODUCT_NAME = "$(TARGET_NAME)";
				TEST_HOST = "$(BUNDLE_LOADER)";
				WRAPPER_EXTENSION = xctest;
			};
			name = Debug;
		};
		7F95B81919B19AD000537B23 /* Release */ = {
			isa = XCBuildConfiguration;
			buildSettings = {
				BUNDLE_LOADER = "$(BUILT_PRODUCTS_DIR)/FirstClass.app/FirstClass";
				FRAMEWORK_SEARCH_PATHS = (
					"$(SDKROOT)/Developer/Library/Frameworks",
					"$(inherited)",
					"$(DEVELOPER_FRAMEWORKS_DIR)",
				);
				GCC_PRECOMPILE_PREFIX_HEADER = YES;
				GCC_PREFIX_HEADER = "FirstClass/FirstClass-Prefix.pch";
				INFOPLIST_FILE = "FirstClassTests/FirstClassTests-Info.plist";
				PRODUCT_NAME = "$(TARGET_NAME)";
				TEST_HOST = "$(BUNDLE_LOADER)";
				WRAPPER_EXTENSION = xctest;
			};
			name = Release;
		};
/* End XCBuildConfiguration section */

/* Begin XCConfigurationList section */
		7F95B7E319B19ACF00537B23 /* Build configuration list for PBXProject "FirstClass" */ = {
			isa = XCConfigurationList;
			buildConfigurations = (
				7F95B81219B19AD000537B23 /* Debug */,
				7F95B81319B19AD000537B23 /* Release */,
			);
			defaultConfigurationIsVisible = 0;
			defaultConfigurationName = Release;
		};
		7F95B81419B19AD000537B23 /* Build configuration list for PBXNativeTarget "FirstClass" */ = {
			isa = XCConfigurationList;
			buildConfigurations = (
				7F95B81519B19AD000537B23 /* Debug */,
				7F95B81619B19AD000537B23 /* Release */,
			);
			defaultConfigurationIsVisible = 0;
			defaultConfigurationName = Release;
		};
		7F95B81719B19AD000537B23 /* Build configuration list for PBXNativeTarget "FirstClassTests" */ = {
			isa = XCConfigurationList;
			buildConfigurations = (
				7F95B81819B19AD000537B23 /* Debug */,
				7F95B81919B19AD000537B23 /* Release */,
			);
			defaultConfigurationIsVisible = 0;
			defaultConfigurationName = Release;
		};
/* End XCConfigurationList section */
	};
	rootObject = 7F95B7E019B19ACF00537B23 /* Project object */;
}
